// !$*UTF8*$!
{
	archiveVersion = 1;
	classes = {
	};
	objectVersion = 50;
	objects = {

/* Begin PBXBuildFile section */
		9366D76C226313220038D806 /* MostViewedViewController.swift in Sources */ = {isa = PBXBuildFile; fileRef = 9366D76A226313220038D806 /* MostViewedViewController.swift */; };
		9366D76D226313220038D806 /* MostViewedViewController.xib in Resources */ = {isa = PBXBuildFile; fileRef = 9366D76B226313220038D806 /* MostViewedViewController.xib */; };
		9366D7702263149B0038D806 /* SeriesListViewController.swift in Sources */ = {isa = PBXBuildFile; fileRef = 9366D76E2263149B0038D806 /* SeriesListViewController.swift */; };
		9366D7712263149B0038D806 /* SeriesListViewController.xib in Resources */ = {isa = PBXBuildFile; fileRef = 9366D76F2263149B0038D806 /* SeriesListViewController.xib */; };
		9366D774226314AB0038D806 /* DramaDetailViewController.swift in Sources */ = {isa = PBXBuildFile; fileRef = 9366D772226314AB0038D806 /* DramaDetailViewController.swift */; };
		9366D775226314AB0038D806 /* DramaDetailViewController.xib in Resources */ = {isa = PBXBuildFile; fileRef = 9366D773226314AB0038D806 /* DramaDetailViewController.xib */; };
		9366D778226314DB0038D806 /* FavoritesViewController.swift in Sources */ = {isa = PBXBuildFile; fileRef = 9366D776226314DB0038D806 /* FavoritesViewController.swift */; };
		9366D779226314DB0038D806 /* FavoritesViewController.xib in Resources */ = {isa = PBXBuildFile; fileRef = 9366D777226314DB0038D806 /* FavoritesViewController.xib */; };
		93909F882263186100181215 /* NSObject+.swift in Sources */ = {isa = PBXBuildFile; fileRef = 93909F872263186100181215 /* NSObject+.swift */; };
		93909F8A226321FC00181215 /* UIViewController+trackable.swift in Sources */ = {isa = PBXBuildFile; fileRef = 93909F89226321FC00181215 /* UIViewController+trackable.swift */; };
		93909F8C2263335A00181215 /* AnalyticsEvent.swift in Sources */ = {isa = PBXBuildFile; fileRef = 93909F8B2263335A00181215 /* AnalyticsEvent.swift */; };
		93909F8E2263336B00181215 /* AnalyticsScreen.swift in Sources */ = {isa = PBXBuildFile; fileRef = 93909F8D2263336B00181215 /* AnalyticsScreen.swift */; };
		93C34A302262FB3B0089C08F /* AppDelegate.swift in Sources */ = {isa = PBXBuildFile; fileRef = 93C34A2F2262FB3B0089C08F /* AppDelegate.swift */; };
		93C34A372262FB3C0089C08F /* Assets.xcassets in Resources */ = {isa = PBXBuildFile; fileRef = 93C34A362262FB3C0089C08F /* Assets.xcassets */; };
		93C34A3A2262FB3C0089C08F /* LaunchScreen.storyboard in Resources */ = {isa = PBXBuildFile; fileRef = 93C34A382262FB3C0089C08F /* LaunchScreen.storyboard */; };
/* End PBXBuildFile section */

/* Begin PBXFileReference section */
		9366D76A226313220038D806 /* MostViewedViewController.swift */ = {isa = PBXFileReference; lastKnownFileType = sourcecode.swift; path = MostViewedViewController.swift; sourceTree = "<group>"; };
		9366D76B226313220038D806 /* MostViewedViewController.xib */ = {isa = PBXFileReference; lastKnownFileType = file.xib; path = MostViewedViewController.xib; sourceTree = "<group>"; };
		9366D76E2263149B0038D806 /* SeriesListViewController.swift */ = {isa = PBXFileReference; lastKnownFileType = sourcecode.swift; path = SeriesListViewController.swift; sourceTree = "<group>"; };
		9366D76F2263149B0038D806 /* SeriesListViewController.xib */ = {isa = PBXFileReference; lastKnownFileType = file.xib; path = SeriesListViewController.xib; sourceTree = "<group>"; };
		9366D772226314AB0038D806 /* DramaDetailViewController.swift */ = {isa = PBXFileReference; lastKnownFileType = sourcecode.swift; path = DramaDetailViewController.swift; sourceTree = "<group>"; };
		9366D773226314AB0038D806 /* DramaDetailViewController.xib */ = {isa = PBXFileReference; lastKnownFileType = file.xib; path = DramaDetailViewController.xib; sourceTree = "<group>"; };
		9366D776226314DB0038D806 /* FavoritesViewController.swift */ = {isa = PBXFileReference; lastKnownFileType = sourcecode.swift; path = FavoritesViewController.swift; sourceTree = "<group>"; };
		9366D777226314DB0038D806 /* FavoritesViewController.xib */ = {isa = PBXFileReference; lastKnownFileType = file.xib; path = FavoritesViewController.xib; sourceTree = "<group>"; };
		93909F872263186100181215 /* NSObject+.swift */ = {isa = PBXFileReference; lastKnownFileType = sourcecode.swift; path = "NSObject+.swift"; sourceTree = "<group>"; };
		93909F89226321FC00181215 /* UIViewController+trackable.swift */ = {isa = PBXFileReference; lastKnownFileType = sourcecode.swift; path = "UIViewController+trackable.swift"; sourceTree = "<group>"; };
		93909F8B2263335A00181215 /* AnalyticsEvent.swift */ = {isa = PBXFileReference; lastKnownFileType = sourcecode.swift; path = AnalyticsEvent.swift; sourceTree = "<group>"; };
		93909F8D2263336B00181215 /* AnalyticsScreen.swift */ = {isa = PBXFileReference; lastKnownFileType = sourcecode.swift; path = AnalyticsScreen.swift; sourceTree = "<group>"; };
		93C34A2C2262FB3B0089C08F /* ExampleTrackable.app */ = {isa = PBXFileReference; explicitFileType = wrapper.application; includeInIndex = 0; path = ExampleTrackable.app; sourceTree = BUILT_PRODUCTS_DIR; };
		93C34A2F2262FB3B0089C08F /* AppDelegate.swift */ = {isa = PBXFileReference; lastKnownFileType = sourcecode.swift; path = AppDelegate.swift; sourceTree = "<group>"; };
		93C34A362262FB3C0089C08F /* Assets.xcassets */ = {isa = PBXFileReference; lastKnownFileType = folder.assetcatalog; path = Assets.xcassets; sourceTree = "<group>"; };
		93C34A392262FB3C0089C08F /* Base */ = {isa = PBXFileReference; lastKnownFileType = file.storyboard; name = Base; path = Base.lproj/LaunchScreen.storyboard; sourceTree = "<group>"; };
		93C34A3B2262FB3C0089C08F /* Info.plist */ = {isa = PBXFileReference; lastKnownFileType = text.plist.xml; path = Info.plist; sourceTree = "<group>"; };
/* End PBXFileReference section */

/* Begin PBXFrameworksBuildPhase section */
		93C34A292262FB3B0089C08F /* Frameworks */ = {
			isa = PBXFrameworksBuildPhase;
			buildActionMask = 2147483647;
			files = (
			);
			runOnlyForDeploymentPostprocessing = 0;
		};
/* End PBXFrameworksBuildPhase section */

/* Begin PBXGroup section */
		93909F862263184700181215 /* Util */ = {
			isa = PBXGroup;
			children = (
				93909F872263186100181215 /* NSObject+.swift */,
				93909F89226321FC00181215 /* UIViewController+trackable.swift */,
				93909F8B2263335A00181215 /* AnalyticsEvent.swift */,
				93909F8D2263336B00181215 /* AnalyticsScreen.swift */,
			);
			path = Util;
			sourceTree = "<group>";
		};
		93C34A232262FB3B0089C08F = {
			isa = PBXGroup;
			children = (
				93C34A2E2262FB3B0089C08F /* ExampleTrackable */,
				93C34A2D2262FB3B0089C08F /* Products */,
			);
			sourceTree = "<group>";
		};
		93C34A2D2262FB3B0089C08F /* Products */ = {
			isa = PBXGroup;
			children = (
				93C34A2C2262FB3B0089C08F /* ExampleTrackable.app */,
			);
			name = Products;
			sourceTree = "<group>";
		};
		93C34A2E2262FB3B0089C08F /* ExampleTrackable */ = {
			isa = PBXGroup;
			children = (
				93909F862263184700181215 /* Util */,
				93C34A2F2262FB3B0089C08F /* AppDelegate.swift */,
				93C34A362262FB3C0089C08F /* Assets.xcassets */,
				93C34A382262FB3C0089C08F /* LaunchScreen.storyboard */,
				93C34A3B2262FB3C0089C08F /* Info.plist */,
				9366D76A226313220038D806 /* MostViewedViewController.swift */,
				9366D76B226313220038D806 /* MostViewedViewController.xib */,
				9366D776226314DB0038D806 /* FavoritesViewController.swift */,
				9366D777226314DB0038D806 /* FavoritesViewController.xib */,
				9366D76E2263149B0038D806 /* SeriesListViewController.swift */,
				9366D76F2263149B0038D806 /* SeriesListViewController.xib */,
				9366D772226314AB0038D806 /* DramaDetailViewController.swift */,
				9366D773226314AB0038D806 /* DramaDetailViewController.xib */,
			);
			path = ExampleTrackable;
			sourceTree = "<group>";
		};
/* End PBXGroup section */

/* Begin PBXNativeTarget section */
		93C34A2B2262FB3B0089C08F /* ExampleTrackable */ = {
			isa = PBXNativeTarget;
			buildConfigurationList = 93C34A3E2262FB3C0089C08F /* Build configuration list for PBXNativeTarget "ExampleTrackable" */;
			buildPhases = (
				93C34A282262FB3B0089C08F /* Sources */,
				93C34A292262FB3B0089C08F /* Frameworks */,
				93C34A2A2262FB3B0089C08F /* Resources */,
			);
			buildRules = (
			);
			dependencies = (
			);
			name = ExampleTrackable;
			productName = ExampleAnalytics;
			productReference = 93C34A2C2262FB3B0089C08F /* ExampleTrackable.app */;
			productType = "com.apple.product-type.application";
		};
/* End PBXNativeTarget section */

/* Begin PBXProject section */
		93C34A242262FB3B0089C08F /* Project object */ = {
			isa = PBXProject;
			attributes = {
				LastSwiftUpdateCheck = 1010;
				LastUpgradeCheck = 1010;
				ORGANIZATIONNAME = "Shunya Yamashita";
				TargetAttributes = {
					93C34A2B2262FB3B0089C08F = {
						CreatedOnToolsVersion = 10.1;
					};
				};
			};
			buildConfigurationList = 93C34A272262FB3B0089C08F /* Build configuration list for PBXProject "ExampleTrackable" */;
			compatibilityVersion = "Xcode 9.3";
			developmentRegion = en;
			hasScannedForEncodings = 0;
			knownRegions = (
				en,
				Base,
			);
			mainGroup = 93C34A232262FB3B0089C08F;
			productRefGroup = 93C34A2D2262FB3B0089C08F /* Products */;
			projectDirPath = "";
			projectRoot = "";
			targets = (
				93C34A2B2262FB3B0089C08F /* ExampleTrackable */,
			);
		};
/* End PBXProject section */

/* Begin PBXResourcesBuildPhase section */
		93C34A2A2262FB3B0089C08F /* Resources */ = {
			isa = PBXResourcesBuildPhase;
			buildActionMask = 2147483647;
			files = (
				93C34A3A2262FB3C0089C08F /* LaunchScreen.storyboard in Resources */,
				9366D7712263149B0038D806 /* SeriesListViewController.xib in Resources */,
				9366D775226314AB0038D806 /* DramaDetailViewController.xib in Resources */,
				93C34A372262FB3C0089C08F /* Assets.xcassets in Resources */,
				9366D779226314DB0038D806 /* FavoritesViewController.xib in Resources */,
				9366D76D226313220038D806 /* MostViewedViewController.xib in Resources */,
			);
			runOnlyForDeploymentPostprocessing = 0;
		};
/* End PBXResourcesBuildPhase section */

/* Begin PBXSourcesBuildPhase section */
		93C34A282262FB3B0089C08F /* Sources */ = {
			isa = PBXSourcesBuildPhase;
			buildActionMask = 2147483647;
			files = (
				93C34A302262FB3B0089C08F /* AppDelegate.swift in Sources */,
				93909F8C2263335A00181215 /* AnalyticsEvent.swift in Sources */,
				93909F8A226321FC00181215 /* UIViewController+trackable.swift in Sources */,
				9366D774226314AB0038D806 /* DramaDetailViewController.swift in Sources */,
				9366D7702263149B0038D806 /* SeriesListViewController.swift in Sources */,
				93909F882263186100181215 /* NSObject+.swift in Sources */,
				9366D76C226313220038D806 /* MostViewedViewController.swift in Sources */,
				93909F8E2263336B00181215 /* AnalyticsScreen.swift in Sources */,
				9366D778226314DB0038D806 /* FavoritesViewController.swift in Sources */,
			);
			runOnlyForDeploymentPostprocessing = 0;
		};
/* End PBXSourcesBuildPhase section */

/* Begin PBXVariantGroup section */
		93C34A382262FB3C0089C08F /* LaunchScreen.storyboard */ = {
			isa = PBXVariantGroup;
			children = (
				93C34A392262FB3C0089C08F /* Base */,
			);
			name = LaunchScreen.storyboard;
			sourceTree = "<group>";
		};
/* End PBXVariantGroup section */

/* Begin XCBuildConfiguration section */
		93C34A3C2262FB3C0089C08F /* Debug */ = {
			isa = XCBuildConfiguration;
			buildSettings = {
				ALWAYS_SEARCH_USER_PATHS = NO;
				CLANG_ANALYZER_NONNULL = YES;
				CLANG_ANALYZER_NUMBER_OBJECT_CONVERSION = YES_AGGRESSIVE;
				CLANG_CXX_LANGUAGE_STANDARD = "gnu++14";
				CLANG_CXX_LIBRARY = "libc++";
				CLANG_ENABLE_MODULES = YES;
				CLANG_ENABLE_OBJC_ARC = YES;
				CLANG_ENABLE_OBJC_WEAK = YES;
				CLANG_WARN_BLOCK_CAPTURE_AUTORELEASING = YES;
				CLANG_WARN_BOOL_CONVERSION = YES;
				CLANG_WARN_COMMA = YES;
				CLANG_WARN_CONSTANT_CONVERSION = YES;
				CLANG_WARN_DEPRECATED_OBJC_IMPLEMENTATIONS = YES;
				CLANG_WARN_DIRECT_OBJC_ISA_USAGE = YES_ERROR;
				CLANG_WARN_DOCUMENTATION_COMMENTS = YES;
				CLANG_WARN_EMPTY_BODY = YES;
				CLANG_WARN_ENUM_CONVERSION = YES;
				CLANG_WARN_INFINITE_RECURSION = YES;
				CLANG_WARN_INT_CONVERSION = YES;
				CLANG_WARN_NON_LITERAL_NULL_CONVERSION = YES;
				CLANG_WARN_OBJC_IMPLICIT_RETAIN_SELF = YES;
				CLANG_WARN_OBJC_LITERAL_CONVERSION = YES;
				CLANG_WARN_OBJC_ROOT_CLASS = YES_ERROR;
				CLANG_WARN_RANGE_LOOP_ANALYSIS = YES;
				CLANG_WARN_STRICT_PROTOTYPES = YES;
				CLANG_WARN_SUSPICIOUS_MOVE = YES;
				CLANG_WARN_UNGUARDED_AVAILABILITY = YES_AGGRESSIVE;
				CLANG_WARN_UNREACHABLE_CODE = YES;
				CLANG_WARN__DUPLICATE_METHOD_MATCH = YES;
				CODE_SIGN_IDENTITY = "iPhone Developer";
				COPY_PHASE_STRIP = NO;
				DEBUG_INFORMATION_FORMAT = dwarf;
				ENABLE_STRICT_OBJC_MSGSEND = YES;
				ENABLE_TESTABILITY = YES;
				GCC_C_LANGUAGE_STANDARD = gnu11;
				GCC_DYNAMIC_NO_PIC = NO;
				GCC_NO_COMMON_BLOCKS = YES;
				GCC_OPTIMIZATION_LEVEL = 0;
				GCC_PREPROCESSOR_DEFINITIONS = (
					"DEBUG=1",
					"$(inherited)",
				);
				GCC_WARN_64_TO_32_BIT_CONVERSION = YES;
				GCC_WARN_ABOUT_RETURN_TYPE = YES_ERROR;
				GCC_WARN_UNDECLARED_SELECTOR = YES;
				GCC_WARN_UNINITIALIZED_AUTOS = YES_AGGRESSIVE;
				GCC_WARN_UNUSED_FUNCTION = YES;
				GCC_WARN_UNUSED_VARIABLE = YES;
				IPHONEOS_DEPLOYMENT_TARGET = 12.1;
				MTL_ENABLE_DEBUG_INFO = INCLUDE_SOURCE;
				MTL_FAST_MATH = YES;
				ONLY_ACTIVE_ARCH = YES;
				SDKROOT = iphoneos;
				SWIFT_ACTIVE_COMPILATION_CONDITIONS = DEBUG;
				SWIFT_OPTIMIZATION_LEVEL = "-Onone";
			};
			name = Debug;
		};
		93C34A3D2262FB3C0089C08F /* Release */ = {
			isa = XCBuildConfiguration;
			buildSettings = {
				ALWAYS_SEARCH_USER_PATHS = NO;
				CLANG_ANALYZER_NONNULL = YES;
				CLANG_ANALYZER_NUMBER_OBJECT_CONVERSION = YES_AGGRESSIVE;
				CLANG_CXX_LANGUAGE_STANDARD = "gnu++14";
				CLANG_CXX_LIBRARY = "libc++";
				CLANG_ENABLE_MODULES = YES;
				CLANG_ENABLE_OBJC_ARC = YES;
				CLANG_ENABLE_OBJC_WEAK = YES;
				CLANG_WARN_BLOCK_CAPTURE_AUTORELEASING = YES;
				CLANG_WARN_BOOL_CONVERSION = YES;
				CLANG_WARN_COMMA = YES;
				CLANG_WARN_CONSTANT_CONVERSION = YES;
				CLANG_WARN_DEPRECATED_OBJC_IMPLEMENTATIONS = YES;
				CLANG_WARN_DIRECT_OBJC_ISA_USAGE = YES_ERROR;
				CLANG_WARN_DOCUMENTATION_COMMENTS = YES;
				CLANG_WARN_EMPTY_BODY = YES;
				CLANG_WARN_ENUM_CONVERSION = YES;
				CLANG_WARN_INFINITE_RECURSION = YES;
				CLANG_WARN_INT_CONVERSION = YES;
				CLANG_WARN_NON_LITERAL_NULL_CONVERSION = YES;
				CLANG_WARN_OBJC_IMPLICIT_RETAIN_SELF = YES;
				CLANG_WARN_OBJC_LITERAL_CONVERSION = YES;
				CLANG_WARN_OBJC_ROOT_CLASS = YES_ERROR;
				CLANG_WARN_RANGE_LOOP_ANALYSIS = YES;
				CLANG_WARN_STRICT_PROTOTYPES = YES;
				CLANG_WARN_SUSPICIOUS_MOVE = YES;
				CLANG_WARN_UNGUARDED_AVAILABILITY = YES_AGGRESSIVE;
				CLANG_WARN_UNREACHABLE_CODE = YES;
				CLANG_WARN__DUPLICATE_METHOD_MATCH = YES;
				CODE_SIGN_IDENTITY = "iPhone Developer";
				COPY_PHASE_STRIP = NO;
				DEBUG_INFORMATION_FORMAT = "dwarf-with-dsym";
				ENABLE_NS_ASSERTIONS = NO;
				ENABLE_STRICT_OBJC_MSGSEND = YES;
				GCC_C_LANGUAGE_STANDARD = gnu11;
				GCC_NO_COMMON_BLOCKS = YES;
				GCC_WARN_64_TO_32_BIT_CONVERSION = YES;
				GCC_WARN_ABOUT_RETURN_TYPE = YES_ERROR;
				GCC_WARN_UNDECLARED_SELECTOR = YES;
				GCC_WARN_UNINITIALIZED_AUTOS = YES_AGGRESSIVE;
				GCC_WARN_UNUSED_FUNCTION = YES;
				GCC_WARN_UNUSED_VARIABLE = YES;
				IPHONEOS_DEPLOYMENT_TARGET = 12.1;
				MTL_ENABLE_DEBUG_INFO = NO;
				MTL_FAST_MATH = YES;
				SDKROOT = iphoneos;
				SWIFT_COMPILATION_MODE = wholemodule;
				SWIFT_OPTIMIZATION_LEVEL = "-O";
				VALIDATE_PRODUCT = YES;
			};
			name = Release;
		};
		93C34A3F2262FB3C0089C08F /* Debug */ = {
			isa = XCBuildConfiguration;
			buildSettings = {
				ASSETCATALOG_COMPILER_APPICON_NAME = AppIcon;
				CODE_SIGN_STYLE = Automatic;
				INFOPLIST_FILE = ExampleTrackable/Info.plist;
				LD_RUNPATH_SEARCH_PATHS = (
					"$(inherited)",
					"@executable_path/Frameworks",
				);
				PRODUCT_BUNDLE_IDENTIFIER = dev.shymst.ExampleAnalytics;
				PRODUCT_NAME = "$(TARGET_NAME)";
				SWIFT_VERSION = 4.2;
				TARGETED_DEVICE_FAMILY = "1,2";
			};
			name = Debug;
		};
		93C34A402262FB3C0089C08F /* Release */ = {
			isa = XCBuildConfiguration;
			buildSettings = {
				ASSETCATALOG_COMPILER_APPICON_NAME = AppIcon;
				CODE_SIGN_STYLE = Automatic;
				INFOPLIST_FILE = ExampleTrackable/Info.plist;
				LD_RUNPATH_SEARCH_PATHS = (
					"$(inherited)",
					"@executable_path/Frameworks",
				);
				PRODUCT_BUNDLE_IDENTIFIER = dev.shymst.ExampleAnalytics;
				PRODUCT_NAME = "$(TARGET_NAME)";
				SWIFT_VERSION = 4.2;
				TARGETED_DEVICE_FAMILY = "1,2";
			};
			name = Release;
		};
/* End XCBuildConfiguration section */

/* Begin XCConfigurationList section */
		93C34A272262FB3B0089C08F /* Build configuration list for PBXProject "ExampleTrackable" */ = {
			isa = XCConfigurationList;
			buildConfigurations = (
				93C34A3C2262FB3C0089C08F /* Debug */,
				93C34A3D2262FB3C0089C08F /* Release */,
			);
			defaultConfigurationIsVisible = 0;
			defaultConfigurationName = Release;
		};
		93C34A3E2262FB3C0089C08F /* Build configuration list for PBXNativeTarget "ExampleTrackable" */ = {
			isa = XCConfigurationList;
			buildConfigurations = (
				93C34A3F2262FB3C0089C08F /* Debug */,
				93C34A402262FB3C0089C08F /* Release */,
			);
			defaultConfigurationIsVisible = 0;
			defaultConfigurationName = Release;
		};
/* End XCConfigurationList section */
	};
	rootObject = 93C34A242262FB3B0089C08F /* Project object */;
}
